
Microsoft Visual Studio Solution File, Format Version 12.00
# Visual Studio 15
VisualStudioVersion = 15.0.28010.2041
MinimumVisualStudioVersion = 10.0.40219.1
Project("{FAE04EC0-301F-11D3-BF4B-00C04F79EFBC}") = "BackupService", "BackupService\BackupService.csproj", "{BC97B48F-9ECC-4572-805A-DFA5493FE7A0}"
EndProject
Global
	GlobalSection(SolutionConfigurationPlatforms) = preSolution
		Debug|Any CPU = Debug|Any CPU
		Release|Any CPU = Release|Any CPU
	EndGlobalSection
	GlobalSection(ProjectConfigurationPlatforms) = postSolution
		{BC97B48F-9ECC-4572-805A-DFA5493FE7A0}.Debug|Any CPU.ActiveCfg = Debug|Any CPU
		{BC97B48F-9ECC-4572-805A-DFA5493FE7A0}.Debug|Any CPU.Build.0 = Debug|Any CPU
		{BC97B48F-9ECC-4572-805A-DFA5493FE7A0}.Release|Any CPU.ActiveCfg = Release|Any CPU
		{BC97B48F-9ECC-4572-805A-DFA5493FE7A0}.Release|Any CPU.Build.0 = Release|Any CPU
	EndGlobalSection
	GlobalSection(SolutionProperties) = preSolution
		HideSolutionNode = FALSE
	EndGlobalSection
	GlobalSection(ExtensibilityGlobals) = postSolution
		SolutionGuid = {2F1CCCD1-A7FA-4AB0-B0AE-29061889C7BB}
	EndGlobalSection
EndGlobal
